// !$*UTF8*$!
{
	archiveVersion = 1;
	classes = {
	};
	objectVersion = 48;
	objects = {

/* Begin PBXBuildFile section */
		8E2936E4A653701F850FFD80 /* libPods-practice_demo.a in Frameworks */ = {isa = PBXBuildFile; fileRef = 2454F1520ACBED0253B31C8E /* libPods-practice_demo.a */; };
		C40E2CE31F977C0F0050F42A /* RunTimeMenuViewController.m in Sources */ = {isa = PBXBuildFile; fileRef = C40E2CE21F977C0F0050F42A /* RunTimeMenuViewController.m */; };
		C40E2CE81F977D4A0050F42A /* RunloopMenuViewController.m in Sources */ = {isa = PBXBuildFile; fileRef = C40E2CE71F977D4A0050F42A /* RunloopMenuViewController.m */; };
		C40E2CEB1F977D6B0050F42A /* AnimationMenuViewController.m in Sources */ = {isa = PBXBuildFile; fileRef = C40E2CEA1F977D6B0050F42A /* AnimationMenuViewController.m */; };
		C40E2CEF1F9783210050F42A /* HyfBasicTableViewController.m in Sources */ = {isa = PBXBuildFile; fileRef = C40E2CEE1F9783210050F42A /* HyfBasicTableViewController.m */; };
		C40E2CF21F97837C0050F42A /* HBasicTableView.m in Sources */ = {isa = PBXBuildFile; fileRef = C40E2CF11F97837C0050F42A /* HBasicTableView.m */; };
		C40E2CF51F9785CD0050F42A /* HBasicViewController.m in Sources */ = {isa = PBXBuildFile; fileRef = C40E2CF41F9785CD0050F42A /* HBasicViewController.m */; };
		C40E2CF91F978B940050F42A /* UIImage+HYF.m in Sources */ = {isa = PBXBuildFile; fileRef = C40E2CF81F978B940050F42A /* UIImage+HYF.m */; };
		C40E2CFC1F978C4D0050F42A /* UIColor+HYF.m in Sources */ = {isa = PBXBuildFile; fileRef = C40E2CFB1F978C4D0050F42A /* UIColor+HYF.m */; };
		C416E8791F9887C4006D5738 /* MethodExchangeViewController.m in Sources */ = {isa = PBXBuildFile; fileRef = C416E8781F9887C4006D5738 /* MethodExchangeViewController.m */; };
		C416E87C1F988875006D5738 /* UIButton+HYF.m in Sources */ = {isa = PBXBuildFile; fileRef = C416E87B1F988875006D5738 /* UIButton+HYF.m */; };
		C416E8801F988F4C006D5738 /* CommonTool.m in Sources */ = {isa = PBXBuildFile; fileRef = C416E87F1F988F4C006D5738 /* CommonTool.m */; };
		C427D9DD1F98E6FD00A11CD8 /* CutomKvoViewController.m in Sources */ = {isa = PBXBuildFile; fileRef = C427D9DC1F98E6FD00A11CD8 /* CutomKvoViewController.m */; };
		C427D9E01F98E71C00A11CD8 /* Dog.m in Sources */ = {isa = PBXBuildFile; fileRef = C427D9DF1F98E71C00A11CD8 /* Dog.m */; };
		C450E4A52074645100F03A56 /* SDPracticeRootVC.m in Sources */ = {isa = PBXBuildFile; fileRef = C450E4A42074645100F03A56 /* SDPracticeRootVC.m */; };
		C4587D931F95CD4C003EF029 /* AppDelegate.m in Sources */ = {isa = PBXBuildFile; fileRef = C4587D921F95CD4C003EF029 /* AppDelegate.m */; };
		C4587D961F95CD4C003EF029 /* ViewController.m in Sources */ = {isa = PBXBuildFile; fileRef = C4587D951F95CD4C003EF029 /* ViewController.m */; };
		C4587D991F95CD4C003EF029 /* Main.storyboard in Resources */ = {isa = PBXBuildFile; fileRef = C4587D971F95CD4C003EF029 /* Main.storyboard */; };
		C4587D9B1F95CD4C003EF029 /* Assets.xcassets in Resources */ = {isa = PBXBuildFile; fileRef = C4587D9A1F95CD4C003EF029 /* Assets.xcassets */; };
		C4587D9E1F95CD4C003EF029 /* LaunchScreen.storyboard in Resources */ = {isa = PBXBuildFile; fileRef = C4587D9C1F95CD4C003EF029 /* LaunchScreen.storyboard */; };
		C4587DA11F95CD4C003EF029 /* main.m in Sources */ = {isa = PBXBuildFile; fileRef = C4587DA01F95CD4C003EF029 /* main.m */; };
		C4F9CFEC20760F6F0082046C /* GCDRootVC.m in Sources */ = {isa = PBXBuildFile; fileRef = C4F9CFEB20760F6F0082046C /* GCDRootVC.m */; };
		C4F9CFEF207611F80082046C /* UITableView+HYF.m in Sources */ = {isa = PBXBuildFile; fileRef = C4F9CFEE207611F80082046C /* UITableView+HYF.m */; };
/* End PBXBuildFile section */

/* Begin PBXFileReference section */
		2454F1520ACBED0253B31C8E /* libPods-practice_demo.a */ = {isa = PBXFileReference; explicitFileType = archive.ar; includeInIndex = 0; path = "libPods-practice_demo.a"; sourceTree = BUILT_PRODUCTS_DIR; };
		8881694B992601F94594DDD4 /* Pods-practice_demo.debug.xcconfig */ = {isa = PBXFileReference; includeInIndex = 1; lastKnownFileType = text.xcconfig; name = "Pods-practice_demo.debug.xcconfig"; path = "Pods/Target Support Files/Pods-practice_demo/Pods-practice_demo.debug.xcconfig"; sourceTree = "<group>"; };
		C40E2CE11F977C0F0050F42A /* RunTimeMenuViewController.h */ = {isa = PBXFileReference; lastKnownFileType = sourcecode.c.h; path = RunTimeMenuViewController.h; sourceTree = "<group>"; };
		C40E2CE21F977C0F0050F42A /* RunTimeMenuViewController.m */ = {isa = PBXFileReference; lastKnownFileType = sourcecode.c.objc; path = RunTimeMenuViewController.m; sourceTree = "<group>"; };
		C40E2CE61F977D4A0050F42A /* RunloopMenuViewController.h */ = {isa = PBXFileReference; lastKnownFileType = sourcecode.c.h; path = RunloopMenuViewController.h; sourceTree = "<group>"; };
		C40E2CE71F977D4A0050F42A /* RunloopMenuViewController.m */ = {isa = PBXFileReference; lastKnownFileType = sourcecode.c.objc; path = RunloopMenuViewController.m; sourceTree = "<group>"; };
		C40E2CE91F977D6B0050F42A /* AnimationMenuViewController.h */ = {isa = PBXFileReference; lastKnownFileType = sourcecode.c.h; path = AnimationMenuViewController.h; sourceTree = "<group>"; };
		C40E2CEA1F977D6B0050F42A /* AnimationMenuViewController.m */ = {isa = PBXFileReference; lastKnownFileType = sourcecode.c.objc; path = AnimationMenuViewController.m; sourceTree = "<group>"; };
		C40E2CED1F9783210050F42A /* HyfBasicTableViewController.h */ = {isa = PBXFileReference; lastKnownFileType = sourcecode.c.h; path = HyfBasicTableViewController.h; sourceTree = "<group>"; };
		C40E2CEE1F9783210050F42A /* HyfBasicTableViewController.m */ = {isa = PBXFileReference; lastKnownFileType = sourcecode.c.objc; path = HyfBasicTableViewController.m; sourceTree = "<group>"; };
		C40E2CF01F97837C0050F42A /* HBasicTableView.h */ = {isa = PBXFileReference; lastKnownFileType = sourcecode.c.h; path = HBasicTableView.h; sourceTree = "<group>"; };
		C40E2CF11F97837C0050F42A /* HBasicTableView.m */ = {isa = PBXFileReference; lastKnownFileType = sourcecode.c.objc; path = HBasicTableView.m; sourceTree = "<group>"; };
		C40E2CF31F9785CD0050F42A /* HBasicViewController.h */ = {isa = PBXFileReference; lastKnownFileType = sourcecode.c.h; path = HBasicViewController.h; sourceTree = "<group>"; };
		C40E2CF41F9785CD0050F42A /* HBasicViewController.m */ = {isa = PBXFileReference; lastKnownFileType = sourcecode.c.objc; path = HBasicViewController.m; sourceTree = "<group>"; };
		C40E2CF71F978B940050F42A /* UIImage+HYF.h */ = {isa = PBXFileReference; lastKnownFileType = sourcecode.c.h; path = "UIImage+HYF.h"; sourceTree = "<group>"; };
		C40E2CF81F978B940050F42A /* UIImage+HYF.m */ = {isa = PBXFileReference; lastKnownFileType = sourcecode.c.objc; path = "UIImage+HYF.m"; sourceTree = "<group>"; };
		C40E2CFA1F978C4D0050F42A /* UIColor+HYF.h */ = {isa = PBXFileReference; lastKnownFileType = sourcecode.c.h; path = "UIColor+HYF.h"; sourceTree = "<group>"; };
		C40E2CFB1F978C4D0050F42A /* UIColor+HYF.m */ = {isa = PBXFileReference; lastKnownFileType = sourcecode.c.objc; path = "UIColor+HYF.m"; sourceTree = "<group>"; };
		C416E8771F9887C4006D5738 /* MethodExchangeViewController.h */ = {isa = PBXFileReference; lastKnownFileType = sourcecode.c.h; path = MethodExchangeViewController.h; sourceTree = "<group>"; };
		C416E8781F9887C4006D5738 /* MethodExchangeViewController.m */ = {isa = PBXFileReference; lastKnownFileType = sourcecode.c.objc; path = MethodExchangeViewController.m; sourceTree = "<group>"; };
		C416E87A1F988875006D5738 /* UIButton+HYF.h */ = {isa = PBXFileReference; lastKnownFileType = sourcecode.c.h; path = "UIButton+HYF.h"; sourceTree = "<group>"; };
		C416E87B1F988875006D5738 /* UIButton+HYF.m */ = {isa = PBXFileReference; lastKnownFileType = sourcecode.c.objc; path = "UIButton+HYF.m"; sourceTree = "<group>"; };
		C416E87E1F988F4C006D5738 /* CommonTool.h */ = {isa = PBXFileReference; lastKnownFileType = sourcecode.c.h; path = CommonTool.h; sourceTree = "<group>"; };
		C416E87F1F988F4C006D5738 /* CommonTool.m */ = {isa = PBXFileReference; lastKnownFileType = sourcecode.c.objc; path = CommonTool.m; sourceTree = "<group>"; };
		C427D9DB1F98E6FD00A11CD8 /* CutomKvoViewController.h */ = {isa = PBXFileReference; lastKnownFileType = sourcecode.c.h; path = CutomKvoViewController.h; sourceTree = "<group>"; };
		C427D9DC1F98E6FD00A11CD8 /* CutomKvoViewController.m */ = {isa = PBXFileReference; lastKnownFileType = sourcecode.c.objc; path = CutomKvoViewController.m; sourceTree = "<group>"; };
		C427D9DE1F98E71C00A11CD8 /* Dog.h */ = {isa = PBXFileReference; lastKnownFileType = sourcecode.c.h; path = Dog.h; sourceTree = "<group>"; };
		C427D9DF1F98E71C00A11CD8 /* Dog.m */ = {isa = PBXFileReference; lastKnownFileType = sourcecode.c.objc; path = Dog.m; sourceTree = "<group>"; };
		C450E4A32074645100F03A56 /* SDPracticeRootVC.h */ = {isa = PBXFileReference; lastKnownFileType = sourcecode.c.h; path = SDPracticeRootVC.h; sourceTree = "<group>"; };
		C450E4A42074645100F03A56 /* SDPracticeRootVC.m */ = {isa = PBXFileReference; lastKnownFileType = sourcecode.c.objc; path = SDPracticeRootVC.m; sourceTree = "<group>"; };
		C4587D8E1F95CD4C003EF029 /* practice_demo.app */ = {isa = PBXFileReference; explicitFileType = wrapper.application; includeInIndex = 0; path = practice_demo.app; sourceTree = BUILT_PRODUCTS_DIR; };
		C4587D911F95CD4C003EF029 /* AppDelegate.h */ = {isa = PBXFileReference; lastKnownFileType = sourcecode.c.h; path = AppDelegate.h; sourceTree = "<group>"; };
		C4587D921F95CD4C003EF029 /* AppDelegate.m */ = {isa = PBXFileReference; lastKnownFileType = sourcecode.c.objc; path = AppDelegate.m; sourceTree = "<group>"; };
		C4587D941F95CD4C003EF029 /* ViewController.h */ = {isa = PBXFileReference; lastKnownFileType = sourcecode.c.h; path = ViewController.h; sourceTree = "<group>"; };
		C4587D951F95CD4C003EF029 /* ViewController.m */ = {isa = PBXFileReference; lastKnownFileType = sourcecode.c.objc; path = ViewController.m; sourceTree = "<group>"; };
		C4587D981F95CD4C003EF029 /* Base */ = {isa = PBXFileReference; lastKnownFileType = file.storyboard; name = Base; path = Base.lproj/Main.storyboard; sourceTree = "<group>"; };
		C4587D9A1F95CD4C003EF029 /* Assets.xcassets */ = {isa = PBXFileReference; lastKnownFileType = folder.assetcatalog; path = Assets.xcassets; sourceTree = "<group>"; };
		C4587D9D1F95CD4C003EF029 /* Base */ = {isa = PBXFileReference; lastKnownFileType = file.storyboard; name = Base; path = Base.lproj/LaunchScreen.storyboard; sourceTree = "<group>"; };
		C4587D9F1F95CD4C003EF029 /* Info.plist */ = {isa = PBXFileReference; lastKnownFileType = text.plist.xml; path = Info.plist; sourceTree = "<group>"; };
		C4587DA01F95CD4C003EF029 /* main.m */ = {isa = PBXFileReference; lastKnownFileType = sourcecode.c.objc; path = main.m; sourceTree = "<group>"; };
		C4587DA81F95D6EF003EF029 /* AllPrefixHeader.pch */ = {isa = PBXFileReference; lastKnownFileType = sourcecode.c.h; path = AllPrefixHeader.pch; sourceTree = "<group>"; };
		C4F9CFEA20760F6F0082046C /* GCDRootVC.h */ = {isa = PBXFileReference; lastKnownFileType = sourcecode.c.h; path = GCDRootVC.h; sourceTree = "<group>"; };
		C4F9CFEB20760F6F0082046C /* GCDRootVC.m */ = {isa = PBXFileReference; lastKnownFileType = sourcecode.c.objc; path = GCDRootVC.m; sourceTree = "<group>"; };
		C4F9CFED207611F80082046C /* UITableView+HYF.h */ = {isa = PBXFileReference; lastKnownFileType = sourcecode.c.h; path = "UITableView+HYF.h"; sourceTree = "<group>"; };
		C4F9CFEE207611F80082046C /* UITableView+HYF.m */ = {isa = PBXFileReference; lastKnownFileType = sourcecode.c.objc; path = "UITableView+HYF.m"; sourceTree = "<group>"; };
		E92A90F8204E03CF28C7F2A5 /* Pods-practice_demo.release.xcconfig */ = {isa = PBXFileReference; includeInIndex = 1; lastKnownFileType = text.xcconfig; name = "Pods-practice_demo.release.xcconfig"; path = "Pods/Target Support Files/Pods-practice_demo/Pods-practice_demo.release.xcconfig"; sourceTree = "<group>"; };
/* End PBXFileReference section */

/* Begin PBXFrameworksBuildPhase section */
		C4587D8B1F95CD4C003EF029 /* Frameworks */ = {
			isa = PBXFrameworksBuildPhase;
			buildActionMask = 2147483647;
			files = (
				8E2936E4A653701F850FFD80 /* libPods-practice_demo.a in Frameworks */,
			);
			runOnlyForDeploymentPostprocessing = 0;
		};
/* End PBXFrameworksBuildPhase section */

/* Begin PBXGroup section */
		3EBB27F58A2E623D632A2DA0 /* Frameworks */ = {
			isa = PBXGroup;
			children = (
				2454F1520ACBED0253B31C8E /* libPods-practice_demo.a */,
			);
			name = Frameworks;
			sourceTree = "<group>";
		};
		815595F09CE0A6E7B1688E85 /* Pods */ = {
			isa = PBXGroup;
			children = (
				8881694B992601F94594DDD4 /* Pods-practice_demo.debug.xcconfig */,
				E92A90F8204E03CF28C7F2A5 /* Pods-practice_demo.release.xcconfig */,
			);
			name = Pods;
			sourceTree = "<group>";
		};
		C40E2CE41F977D2B0050F42A /* Runloop_practice */ = {
			isa = PBXGroup;
			children = (
				C40E2CE61F977D4A0050F42A /* RunloopMenuViewController.h */,
				C40E2CE71F977D4A0050F42A /* RunloopMenuViewController.m */,
			);
			path = Runloop_practice;
			sourceTree = "<group>";
		};
		C40E2CE51F977D2B0050F42A /* Animation_practice */ = {
			isa = PBXGroup;
			children = (
				C40E2CE91F977D6B0050F42A /* AnimationMenuViewController.h */,
				C40E2CEA1F977D6B0050F42A /* AnimationMenuViewController.m */,
			);
			path = Animation_practice;
			sourceTree = "<group>";
		};
		C40E2CEC1F9782EE0050F42A /* BasicClass */ = {
			isa = PBXGroup;
			children = (
				C40E2CED1F9783210050F42A /* HyfBasicTableViewController.h */,
				C40E2CEE1F9783210050F42A /* HyfBasicTableViewController.m */,
				C40E2CF01F97837C0050F42A /* HBasicTableView.h */,
				C40E2CF11F97837C0050F42A /* HBasicTableView.m */,
				C40E2CF31F9785CD0050F42A /* HBasicViewController.h */,
				C40E2CF41F9785CD0050F42A /* HBasicViewController.m */,
			);
			path = BasicClass;
			sourceTree = "<group>";
		};
		C40E2CF61F978B200050F42A /* Category */ = {
			isa = PBXGroup;
			children = (
				C40E2CF71F978B940050F42A /* UIImage+HYF.h */,
				C40E2CF81F978B940050F42A /* UIImage+HYF.m */,
				C40E2CFA1F978C4D0050F42A /* UIColor+HYF.h */,
				C40E2CFB1F978C4D0050F42A /* UIColor+HYF.m */,
				C416E87A1F988875006D5738 /* UIButton+HYF.h */,
				C416E87B1F988875006D5738 /* UIButton+HYF.m */,
				C4F9CFED207611F80082046C /* UITableView+HYF.h */,
				C4F9CFEE207611F80082046C /* UITableView+HYF.m */,
			);
			path = Category;
			sourceTree = "<group>";
		};
		C416E8761F9881B3006D5738 /* Method_Exchange */ = {
			isa = PBXGroup;
			children = (
				C416E8771F9887C4006D5738 /* MethodExchangeViewController.h */,
				C416E8781F9887C4006D5738 /* MethodExchangeViewController.m */,
			);
			path = Method_Exchange;
			sourceTree = "<group>";
		};
		C416E87D1F988F2E006D5738 /* CommonTool */ = {
			isa = PBXGroup;
			children = (
				C416E87E1F988F4C006D5738 /* CommonTool.h */,
				C416E87F1F988F4C006D5738 /* CommonTool.m */,
			);
			path = CommonTool;
			sourceTree = "<group>";
		};
		C427D9E11F98ECC100A11CD8 /* CustomKVO */ = {
			isa = PBXGroup;
			children = (
				C427D9DB1F98E6FD00A11CD8 /* CutomKvoViewController.h */,
				C427D9DC1F98E6FD00A11CD8 /* CutomKvoViewController.m */,
				C427D9DE1F98E71C00A11CD8 /* Dog.h */,
				C427D9DF1F98E71C00A11CD8 /* Dog.m */,
			);
			path = CustomKVO;
			sourceTree = "<group>";
		};
		C450E4A22074640600F03A56 /* sd_practice */ = {
			isa = PBXGroup;
			children = (
				C450E4A32074645100F03A56 /* SDPracticeRootVC.h */,
				C450E4A42074645100F03A56 /* SDPracticeRootVC.m */,
			);
			name = sd_practice;
			path = practice_demo/sd_practice;
			sourceTree = SOURCE_ROOT;
		};
		C4587D851F95CD4C003EF029 = {
			isa = PBXGroup;
			children = (
				C4587D901F95CD4C003EF029 /* practice_demo */,
				C4587D8F1F95CD4C003EF029 /* Products */,
				815595F09CE0A6E7B1688E85 /* Pods */,
				3EBB27F58A2E623D632A2DA0 /* Frameworks */,
			);
			sourceTree = "<group>";
		};
		C4587D8F1F95CD4C003EF029 /* Products */ = {
			isa = PBXGroup;
			children = (
				C4587D8E1F95CD4C003EF029 /* practice_demo.app */,
			);
			name = Products;
			sourceTree = "<group>";
		};
		C4587D901F95CD4C003EF029 /* practice_demo */ = {
			isa = PBXGroup;
			children = (
				C4F9CFE920760F550082046C /* GCD */,
				C416E87D1F988F2E006D5738 /* CommonTool */,
				C40E2CF61F978B200050F42A /* Category */,
				C40E2CEC1F9782EE0050F42A /* BasicClass */,
				C40E2CE51F977D2B0050F42A /* Animation_practice */,
				C40E2CE41F977D2B0050F42A /* Runloop_practice */,
				C4587DA71F95CD86003EF029 /* Runtime_practice */,
				C450E4A22074640600F03A56 /* sd_practice */,
				C4587D911F95CD4C003EF029 /* AppDelegate.h */,
				C4587D921F95CD4C003EF029 /* AppDelegate.m */,
				C4587D941F95CD4C003EF029 /* ViewController.h */,
				C4587D951F95CD4C003EF029 /* ViewController.m */,
				C4587D971F95CD4C003EF029 /* Main.storyboard */,
				C4587D9A1F95CD4C003EF029 /* Assets.xcassets */,
				C4587D9C1F95CD4C003EF029 /* LaunchScreen.storyboard */,
				C4587D9F1F95CD4C003EF029 /* Info.plist */,
				C4587DA01F95CD4C003EF029 /* main.m */,
				C4587DA81F95D6EF003EF029 /* AllPrefixHeader.pch */,
			);
			path = practice_demo;
			sourceTree = "<group>";
		};
		C4587DA71F95CD86003EF029 /* Runtime_practice */ = {
			isa = PBXGroup;
			children = (
				C427D9E11F98ECC100A11CD8 /* CustomKVO */,
				C416E8761F9881B3006D5738 /* Method_Exchange */,
				C40E2CE11F977C0F0050F42A /* RunTimeMenuViewController.h */,
				C40E2CE21F977C0F0050F42A /* RunTimeMenuViewController.m */,
			);
			path = Runtime_practice;
			sourceTree = "<group>";
		};
		C4F9CFE920760F550082046C /* GCD */ = {
			isa = PBXGroup;
			children = (
				C4F9CFEA20760F6F0082046C /* GCDRootVC.h */,
				C4F9CFEB20760F6F0082046C /* GCDRootVC.m */,
			);
			path = GCD;
			sourceTree = "<group>";
		};
/* End PBXGroup section */

/* Begin PBXNativeTarget section */
		C4587D8D1F95CD4C003EF029 /* practice_demo */ = {
			isa = PBXNativeTarget;
			buildConfigurationList = C4587DA41F95CD4C003EF029 /* Build configuration list for PBXNativeTarget "practice_demo" */;
			buildPhases = (
				EE03420C7E80F0CA1A92709C /* [CP] Check Pods Manifest.lock */,
				C4587D8A1F95CD4C003EF029 /* Sources */,
				C4587D8B1F95CD4C003EF029 /* Frameworks */,
				C4587D8C1F95CD4C003EF029 /* Resources */,
				62350D054F553A693B765C07 /* [CP] Embed Pods Frameworks */,
				A04A14C61E169499D123FC6C /* [CP] Copy Pods Resources */,
			);
			buildRules = (
			);
			dependencies = (
			);
			name = practice_demo;
			productName = practice_demo;
			productReference = C4587D8E1F95CD4C003EF029 /* practice_demo.app */;
			productType = "com.apple.product-type.application";
		};
/* End PBXNativeTarget section */

/* Begin PBXProject section */
		C4587D861F95CD4C003EF029 /* Project object */ = {
			isa = PBXProject;
			attributes = {
				LastUpgradeCheck = 0900;
				ORGANIZATIONNAME = "胡玉峰";
				TargetAttributes = {
					C4587D8D1F95CD4C003EF029 = {
						CreatedOnToolsVersion = 9.0;
						ProvisioningStyle = Automatic;
					};
				};
			};
			buildConfigurationList = C4587D891F95CD4C003EF029 /* Build configuration list for PBXProject "practice_demo" */;
			compatibilityVersion = "Xcode 8.0";
			developmentRegion = en;
			hasScannedForEncodings = 0;
			knownRegions = (
				en,
				Base,
			);
			mainGroup = C4587D851F95CD4C003EF029;
			productRefGroup = C4587D8F1F95CD4C003EF029 /* Products */;
			projectDirPath = "";
			projectRoot = "";
			targets = (
				C4587D8D1F95CD4C003EF029 /* practice_demo */,
			);
		};
/* End PBXProject section */

/* Begin PBXResourcesBuildPhase section */
		C4587D8C1F95CD4C003EF029 /* Resources */ = {
			isa = PBXResourcesBuildPhase;
			buildActionMask = 2147483647;
			files = (
				C4587D9E1F95CD4C003EF029 /* LaunchScreen.storyboard in Resources */,
				C4587D9B1F95CD4C003EF029 /* Assets.xcassets in Resources */,
				C4587D991F95CD4C003EF029 /* Main.storyboard in Resources */,
			);
			runOnlyForDeploymentPostprocessing = 0;
		};
/* End PBXResourcesBuildPhase section */

/* Begin PBXShellScriptBuildPhase section */
		62350D054F553A693B765C07 /* [CP] Embed Pods Frameworks */ = {
			isa = PBXShellScriptBuildPhase;
			buildActionMask = 2147483647;
			files = (
			);
			inputPaths = (
			);
			name = "[CP] Embed Pods Frameworks";
			outputPaths = (
			);
			runOnlyForDeploymentPostprocessing = 0;
			shellPath = /bin/sh;
			shellScript = "\"${SRCROOT}/Pods/Target Support Files/Pods-practice_demo/Pods-practice_demo-frameworks.sh\"\n";
			showEnvVarsInLog = 0;
		};
		A04A14C61E169499D123FC6C /* [CP] Copy Pods Resources */ = {
			isa = PBXShellScriptBuildPhase;
			buildActionMask = 2147483647;
			files = (
			);
			inputPaths = (
				"${SRCROOT}/Pods/Target Support Files/Pods-practice_demo/Pods-practice_demo-resources.sh",
				"${PODS_ROOT}/SVProgressHUD/SVProgressHUD/SVProgressHUD.bundle",
			);
			name = "[CP] Copy Pods Resources";
			outputPaths = (
				"${TARGET_BUILD_DIR}/${UNLOCALIZED_RESOURCES_FOLDER_PATH}/SVProgressHUD.bundle",
			);
			runOnlyForDeploymentPostprocessing = 0;
			shellPath = /bin/sh;
			shellScript = "\"${SRCROOT}/Pods/Target Support Files/Pods-practice_demo/Pods-practice_demo-resources.sh\"\n";
			showEnvVarsInLog = 0;
		};
		EE03420C7E80F0CA1A92709C /* [CP] Check Pods Manifest.lock */ = {
			isa = PBXShellScriptBuildPhase;
			buildActionMask = 2147483647;
			files = (
			);
			inputPaths = (
				"${PODS_PODFILE_DIR_PATH}/Podfile.lock",
				"${PODS_ROOT}/Manifest.lock",
			);
			name = "[CP] Check Pods Manifest.lock";
			outputPaths = (
				"$(DERIVED_FILE_DIR)/Pods-practice_demo-checkManifestLockResult.txt",
			);
			runOnlyForDeploymentPostprocessing = 0;
			shellPath = /bin/sh;
			shellScript = "diff \"${PODS_PODFILE_DIR_PATH}/Podfile.lock\" \"${PODS_ROOT}/Manifest.lock\" > /dev/null\nif [ $? != 0 ] ; then\n    # print error to STDERR\n    echo \"error: The sandbox is not in sync with the Podfile.lock. Run 'pod install' or update your CocoaPods installation.\" >&2\n    exit 1\nfi\n# This output is used by Xcode 'outputs' to avoid re-running this script phase.\necho \"SUCCESS\" > \"${SCRIPT_OUTPUT_FILE_0}\"\n";
			showEnvVarsInLog = 0;
		};
/* End PBXShellScriptBuildPhase section */

/* Begin PBXSourcesBuildPhase section */
		C4587D8A1F95CD4C003EF029 /* Sources */ = {
			isa = PBXSourcesBuildPhase;
			buildActionMask = 2147483647;
			files = (
				C4587D961F95CD4C003EF029 /* ViewController.m in Sources */,
				C40E2CF21F97837C0050F42A /* HBasicTableView.m in Sources */,
				C416E8801F988F4C006D5738 /* CommonTool.m in Sources */,
				C4F9CFEF207611F80082046C /* UITableView+HYF.m in Sources */,
				C427D9DD1F98E6FD00A11CD8 /* CutomKvoViewController.m in Sources */,
				C416E87C1F988875006D5738 /* UIButton+HYF.m in Sources */,
				C40E2CF51F9785CD0050F42A /* HBasicViewController.m in Sources */,
				C4587DA11F95CD4C003EF029 /* main.m in Sources */,
				C40E2CEF1F9783210050F42A /* HyfBasicTableViewController.m in Sources */,
				C40E2CF91F978B940050F42A /* UIImage+HYF.m in Sources */,
				C4F9CFEC20760F6F0082046C /* GCDRootVC.m in Sources */,
				C40E2CEB1F977D6B0050F42A /* AnimationMenuViewController.m in Sources */,
				C427D9E01F98E71C00A11CD8 /* Dog.m in Sources */,
				C40E2CE81F977D4A0050F42A /* RunloopMenuViewController.m in Sources */,
				C416E8791F9887C4006D5738 /* MethodExchangeViewController.m in Sources */,
				C450E4A52074645100F03A56 /* SDPracticeRootVC.m in Sources */,
				C40E2CE31F977C0F0050F42A /* RunTimeMenuViewController.m in Sources */,
				C40E2CFC1F978C4D0050F42A /* UIColor+HYF.m in Sources */,
				C4587D931F95CD4C003EF029 /* AppDelegate.m in Sources */,
			);
			runOnlyForDeploymentPostprocessing = 0;
		};
/* End PBXSourcesBuildPhase section */

/* Begin PBXVariantGroup section */
		C4587D971F95CD4C003EF029 /* Main.storyboard */ = {
			isa = PBXVariantGroup;
			children = (
				C4587D981F95CD4C003EF029 /* Base */,
			);
			name = Main.storyboard;
			sourceTree = "<group>";
		};
		C4587D9C1F95CD4C003EF029 /* LaunchScreen.storyboard */ = {
			isa = PBXVariantGroup;
			children = (
				C4587D9D1F95CD4C003EF029 /* Base */,
			);
			name = LaunchScreen.storyboard;
			sourceTree = "<group>";
		};
/* End PBXVariantGroup section */

/* Begin XCBuildConfiguration section */
		C4587DA21F95CD4C003EF029 /* Debug */ = {
			isa = XCBuildConfiguration;
			buildSettings = {
				ALWAYS_SEARCH_USER_PATHS = NO;
				CLANG_ANALYZER_NONNULL = YES;
				CLANG_ANALYZER_NUMBER_OBJECT_CONVERSION = YES_AGGRESSIVE;
				CLANG_CXX_LANGUAGE_STANDARD = "gnu++14";
				CLANG_CXX_LIBRARY = "libc++";
				CLANG_ENABLE_MODULES = YES;
				CLANG_ENABLE_OBJC_ARC = YES;
				CLANG_WARN_BLOCK_CAPTURE_AUTORELEASING = YES;
				CLANG_WARN_BOOL_CONVERSION = YES;
				CLANG_WARN_COMMA = YES;
				CLANG_WARN_CONSTANT_CONVERSION = YES;
				CLANG_WARN_DIRECT_OBJC_ISA_USAGE = YES_ERROR;
				CLANG_WARN_DOCUMENTATION_COMMENTS = YES;
				CLANG_WARN_EMPTY_BODY = YES;
				CLANG_WARN_ENUM_CONVERSION = YES;
				CLANG_WARN_INFINITE_RECURSION = YES;
				CLANG_WARN_INT_CONVERSION = YES;
				CLANG_WARN_NON_LITERAL_NULL_CONVERSION = YES;
				CLANG_WARN_OBJC_LITERAL_CONVERSION = YES;
				CLANG_WARN_OBJC_ROOT_CLASS = YES_ERROR;
				CLANG_WARN_RANGE_LOOP_ANALYSIS = YES;
				CLANG_WARN_STRICT_PROTOTYPES = YES;
				CLANG_WARN_SUSPICIOUS_MOVE = YES;
				CLANG_WARN_UNGUARDED_AVAILABILITY = YES_AGGRESSIVE;
				CLANG_WARN_UNREACHABLE_CODE = YES;
				CLANG_WARN__DUPLICATE_METHOD_MATCH = YES;
				CODE_SIGN_IDENTITY = "iPhone Developer";
				COPY_PHASE_STRIP = NO;
				DEBUG_INFORMATION_FORMAT = dwarf;
				ENABLE_STRICT_OBJC_MSGSEND = YES;
				ENABLE_TESTABILITY = YES;
				GCC_C_LANGUAGE_STANDARD = gnu11;
				GCC_DYNAMIC_NO_PIC = NO;
				GCC_NO_COMMON_BLOCKS = YES;
				GCC_OPTIMIZATION_LEVEL = 0;
				GCC_PREPROCESSOR_DEFINITIONS = (
					"DEBUG=1",
					"$(inherited)",
				);
				GCC_WARN_64_TO_32_BIT_CONVERSION = YES;
				GCC_WARN_ABOUT_RETURN_TYPE = YES_ERROR;
				GCC_WARN_UNDECLARED_SELECTOR = YES;
				GCC_WARN_UNINITIALIZED_AUTOS = YES_AGGRESSIVE;
				GCC_WARN_UNUSED_FUNCTION = YES;
				GCC_WARN_UNUSED_VARIABLE = YES;
				IPHONEOS_DEPLOYMENT_TARGET = 11.0;
				MTL_ENABLE_DEBUG_INFO = YES;
				ONLY_ACTIVE_ARCH = YES;
				SDKROOT = iphoneos;
			};
			name = Debug;
		};
		C4587DA31F95CD4C003EF029 /* Release */ = {
			isa = XCBuildConfiguration;
			buildSettings = {
				ALWAYS_SEARCH_USER_PATHS = NO;
				CLANG_ANALYZER_NONNULL = YES;
				CLANG_ANALYZER_NUMBER_OBJECT_CONVERSION = YES_AGGRESSIVE;
				CLANG_CXX_LANGUAGE_STANDARD = "gnu++14";
				CLANG_CXX_LIBRARY = "libc++";
				CLANG_ENABLE_MODULES = YES;
				CLANG_ENABLE_OBJC_ARC = YES;
				CLANG_WARN_BLOCK_CAPTURE_AUTORELEASING = YES;
				CLANG_WARN_BOOL_CONVERSION = YES;
				CLANG_WARN_COMMA = YES;
				CLANG_WARN_CONSTANT_CONVERSION = YES;
				CLANG_WARN_DIRECT_OBJC_ISA_USAGE = YES_ERROR;
				CLANG_WARN_DOCUMENTATION_COMMENTS = YES;
				CLANG_WARN_EMPTY_BODY = YES;
				CLANG_WARN_ENUM_CONVERSION = YES;
				CLANG_WARN_INFINITE_RECURSION = YES;
				CLANG_WARN_INT_CONVERSION = YES;
				CLANG_WARN_NON_LITERAL_NULL_CONVERSION = YES;
				CLANG_WARN_OBJC_LITERAL_CONVERSION = YES;
				CLANG_WARN_OBJC_ROOT_CLASS = YES_ERROR;
				CLANG_WARN_RANGE_LOOP_ANALYSIS = YES;
				CLANG_WARN_STRICT_PROTOTYPES = YES;
				CLANG_WARN_SUSPICIOUS_MOVE = YES;
				CLANG_WARN_UNGUARDED_AVAILABILITY = YES_AGGRESSIVE;
				CLANG_WARN_UNREACHABLE_CODE = YES;
				CLANG_WARN__DUPLICATE_METHOD_MATCH = YES;
				CODE_SIGN_IDENTITY = "iPhone Developer";
				COPY_PHASE_STRIP = NO;
				DEBUG_INFORMATION_FORMAT = "dwarf-with-dsym";
				ENABLE_NS_ASSERTIONS = NO;
				ENABLE_STRICT_OBJC_MSGSEND = YES;
				GCC_C_LANGUAGE_STANDARD = gnu11;
				GCC_NO_COMMON_BLOCKS = YES;
				GCC_WARN_64_TO_32_BIT_CONVERSION = YES;
				GCC_WARN_ABOUT_RETURN_TYPE = YES_ERROR;
				GCC_WARN_UNDECLARED_SELECTOR = YES;
				GCC_WARN_UNINITIALIZED_AUTOS = YES_AGGRESSIVE;
				GCC_WARN_UNUSED_FUNCTION = YES;
				GCC_WARN_UNUSED_VARIABLE = YES;
				IPHONEOS_DEPLOYMENT_TARGET = 11.0;
				MTL_ENABLE_DEBUG_INFO = NO;
				SDKROOT = iphoneos;
				VALIDATE_PRODUCT = YES;
			};
			name = Release;
		};
		C4587DA51F95CD4C003EF029 /* Debug */ = {
			isa = XCBuildConfiguration;
			baseConfigurationReference = 8881694B992601F94594DDD4 /* Pods-practice_demo.debug.xcconfig */;
			buildSettings = {
				ASSETCATALOG_COMPILER_APPICON_NAME = AppIcon;
				CODE_SIGN_STYLE = Automatic;
				DEVELOPMENT_TEAM = 8CQTPNDZRF;
				ENABLE_STRICT_OBJC_MSGSEND = NO;
				GCC_PRECOMPILE_PREFIX_HEADER = NO;
				GCC_PREFIX_HEADER = practice_demo/AllPrefixHeader.pch;
				INFOPLIST_FILE = practice_demo/Info.plist;
				LD_RUNPATH_SEARCH_PATHS = "$(inherited) @executable_path/Frameworks";
				PRODUCT_BUNDLE_IDENTIFIER = "com.hankun.practice-demo";
				PRODUCT_NAME = "$(TARGET_NAME)";
				TARGETED_DEVICE_FAMILY = "1,2";
				USER_HEADER_SEARCH_PATHS = "$(PODS_ROOT)/**";
			};
			name = Debug;
		};
		C4587DA61F95CD4C003EF029 /* Release */ = {
			isa = XCBuildConfiguration;
			baseConfigurationReference = E92A90F8204E03CF28C7F2A5 /* Pods-practice_demo.release.xcconfig */;
			buildSettings = {
				ASSETCATALOG_COMPILER_APPICON_NAME = AppIcon;
				CODE_SIGN_STYLE = Automatic;
				DEVELOPMENT_TEAM = 8CQTPNDZRF;
				ENABLE_STRICT_OBJC_MSGSEND = NO;
				GCC_PRECOMPILE_PREFIX_HEADER = NO;
				GCC_PREFIX_HEADER = practice_demo/AllPrefixHeader.pch;
				INFOPLIST_FILE = practice_demo/Info.plist;
				LD_RUNPATH_SEARCH_PATHS = "$(inherited) @executable_path/Frameworks";
				PRODUCT_BUNDLE_IDENTIFIER = "com.hankun.practice-demo";
				PRODUCT_NAME = "$(TARGET_NAME)";
				TARGETED_DEVICE_FAMILY = "1,2";
				USER_HEADER_SEARCH_PATHS = "$(PODS_ROOT)/**";
			};
			name = Release;
		};
/* End XCBuildConfiguration section */

/* Begin XCConfigurationList section */
		C4587D891F95CD4C003EF029 /* Build configuration list for PBXProject "practice_demo" */ = {
			isa = XCConfigurationList;
			buildConfigurations = (
				C4587DA21F95CD4C003EF029 /* Debug */,
				C4587DA31F95CD4C003EF029 /* Release */,
			);
			defaultConfigurationIsVisible = 0;
			defaultConfigurationName = Release;
		};
		C4587DA41F95CD4C003EF029 /* Build configuration list for PBXNativeTarget "practice_demo" */ = {
			isa = XCConfigurationList;
			buildConfigurations = (
				C4587DA51F95CD4C003EF029 /* Debug */,
				C4587DA61F95CD4C003EF029 /* Release */,
			);
			defaultConfigurationIsVisible = 0;
			defaultConfigurationName = Release;
		};
/* End XCConfigurationList section */
	};
	rootObject = C4587D861F95CD4C003EF029 /* Project object */;
}
